// !$*UTF8*$!
{
	archiveVersion = 1;
	classes = {
	};
	objectVersion = 90;
	objects = {

/* Begin PBXBuildFile section */
		2F5E9A9C2D51AA5800123456 /* Logging in Frameworks */ = {isa = PBXBuildFile; productRef = 2F5E9A9B2D51AA5800123456 /* Logging */; };
		2F5E9A9F2D51AA6300123456 /* KeychainAccess in Frameworks */ = {isa = PBXBuildFile; productRef = 2F5E9A9E2D51AA6300123456 /* KeychainAccess */; };
		2F5E9AA22D51AA6F00123456 /* Sparkle in Frameworks */ = {isa = PBXBuildFile; productRef = 2F5E9AA12D51AA6F00123456 /* Sparkle */; };
		2F5E9AA52D51AA7500123456 /* GRDB in Frameworks */ = {isa = PBXBuildFile; productRef = 2F5E9AA42D51AA7500123456 /* GRDB */; };
/* End PBXBuildFile section */

/* Begin PBXContainerItemProxy section */
		2F5E9A6E2D51A9A400123456 /* PBXContainerItemProxy */ = {
			isa = PBXContainerItemProxy;
			containerPortal = 2F5E9A452D51A9A300123456 /* Project object */;
			proxyType = 1;
			remoteGlobalIDString = 2F5E9A4C2D51A9A300123456;
			remoteInfo = VibeMeter;
		};
/* End PBXContainerItemProxy section */

/* Begin PBXFileReference section */
		2F5E9A4D2D51A9A300123456 /* VibeMeter.app */ = {isa = PBXFileReference; explicitFileType = wrapper.application; includeInIndex = 0; path = VibeMeter.app; sourceTree = BUILT_PRODUCTS_DIR; };
		2F5E9A6D2D51A9A400123456 /* VibeMeterTests.xctest */ = {isa = PBXFileReference; explicitFileType = wrapper.cfbundle; includeInIndex = 0; path = VibeMeterTests.xctest; sourceTree = BUILT_PRODUCTS_DIR; };
/* End PBXFileReference section */

/* Begin PBXFileSystemSynchronizedBuildFileExceptionSet section */
		2F5E9AA32D51AB0000123456 /* Exceptions for "VibeMeter" folder in "VibeMeter" target */ = {
			isa = PBXFileSystemSynchronizedBuildFileExceptionSet;
			membershipExceptions = (
				Debug.xcconfig,
				Info.plist,
				Release.xcconfig,
				Shared.xcconfig,
				version.xcconfig,
			);
			target = 2F5E9A4C2D51A9A300123456 /* VibeMeter */;
		};
/* End PBXFileSystemSynchronizedBuildFileExceptionSet section */

/* Begin PBXFileSystemSynchronizedRootGroup section */
		2F5E9A4F2D51A9A300123456 /* VibeMeter */ = {
			isa = PBXFileSystemSynchronizedRootGroup;
			exceptions = (
				2F5E9AA32D51AB0000123456 /* Exceptions for "VibeMeter" folder in "VibeMeter" target */,
			);
			path = VibeMeter;
			sourceTree = "<group>";
		};
		2F5E9A702D51A9A400123456 /* VibeMeterTests */ = {
			isa = PBXFileSystemSynchronizedRootGroup;
			path = VibeMeterTests;
			sourceTree = "<group>";
		};
/* End PBXFileSystemSynchronizedRootGroup section */

/* Begin PBXFrameworksBuildPhase section */
		2F5E9A4A2D51A9A300123456 /* Frameworks */ = {
			isa = PBXFrameworksBuildPhase;
			files = (
				2F5E9A9C2D51AA5800123456 /* Logging in Frameworks */,
				2F5E9A9F2D51AA6300123456 /* KeychainAccess in Frameworks */,
				2F5E9AA22D51AA6F00123456 /* Sparkle in Frameworks */,
				2F5E9AA52D51AA7500123456 /* GRDB in Frameworks */,
			);
		};
		2F5E9A6A2D51A9A400123456 /* Frameworks */ = {
			isa = PBXFrameworksBuildPhase;
			files = (
			);
		};
/* End PBXFrameworksBuildPhase section */

/* Begin PBXGroup section */
		2F5E9A442D51A9A300123456 = {
			isa = PBXGroup;
			children = (
				2F5E9A4F2D51A9A300123456 /* VibeMeter */,
				2F5E9A702D51A9A400123456 /* VibeMeterTests */,
				2F5E9A4E2D51A9A300123456 /* Products */,
			);
			sourceTree = "<group>";
		};
		2F5E9A4E2D51A9A300123456 /* Products */ = {
			isa = PBXGroup;
			children = (
				2F5E9A4D2D51A9A300123456 /* VibeMeter.app */,
				2F5E9A6D2D51A9A400123456 /* VibeMeterTests.xctest */,
			);
			name = Products;
			sourceTree = "<group>";
		};
/* End PBXGroup section */

/* Begin PBXNativeTarget section */
		2F5E9A4C2D51A9A300123456 /* VibeMeter */ = {
			isa = PBXNativeTarget;
			buildConfigurationList = 2F5E9A922D51A9A400123456 /* Build configuration list for PBXNativeTarget "VibeMeter" */;
			buildPhases = (
				2F5E9A492D51A9A300123456 /* Sources */,
				2F5E9A4A2D51A9A300123456 /* Frameworks */,
				2F5E9A4B2D51A9A300123456 /* Resources */,
			);
			buildRules = (
			);
			fileSystemSynchronizedGroups = (
				2F5E9A4F2D51A9A300123456 /* VibeMeter */,
			);
			name = VibeMeter;
			packageProductDependencies = (
				2F5E9A9B2D51AA5800123456 /* Logging */,
				2F5E9A9E2D51AA6300123456 /* KeychainAccess */,
				2F5E9AA12D51AA6F00123456 /* Sparkle */,
				2F5E9AA42D51AA7500123456 /* GRDB */,
			);
			productName = VibeMeter;
			productReference = 2F5E9A4D2D51A9A300123456 /* VibeMeter.app */;
			productType = "com.apple.product-type.application";
		};
		2F5E9A6C2D51A9A400123456 /* VibeMeterTests */ = {
			isa = PBXNativeTarget;
			buildConfigurationList = 2F5E9A952D51A9A400123456 /* Build configuration list for PBXNativeTarget "VibeMeterTests" */;
			buildPhases = (
				2F5E9A692D51A9A400123456 /* Sources */,
				2F5E9A6A2D51A9A400123456 /* Frameworks */,
				2F5E9A6B2D51A9A400123456 /* Resources */,
			);
			buildRules = (
			);
			dependencies = (
				2F5E9A6F2D51A9A400123456 /* PBXTargetDependency */,
			);
			fileSystemSynchronizedGroups = (
				2F5E9A702D51A9A400123456 /* VibeMeterTests */,
			);
			name = VibeMeterTests;
			productName = VibeMeterTests;
			productReference = 2F5E9A6D2D51A9A400123456 /* VibeMeterTests.xctest */;
			productType = "com.apple.product-type.bundle.unit-test";
		};
/* End PBXNativeTarget section */

/* Begin PBXProject section */
		2F5E9A452D51A9A300123456 /* Project object */ = {
			isa = PBXProject;
			attributes = {
				BuildIndependentTargetsInParallel = 1;
				LastSwiftUpdateCheck = 1600;
				LastUpgradeCheck = 2600;
				TargetAttributes = {
					2F5E9A4C2D51A9A300123456 = {
						CreatedOnToolsVersion = 16.0;
					};
					2F5E9A6C2D51A9A400123456 = {
						CreatedOnToolsVersion = 16.0;
						TestTargetID = 2F5E9A4C2D51A9A300123456;
					};
				};
			};
			buildConfigurationList = 2F5E9A482D51A9A300123456 /* Build configuration list for PBXProject "VibeMeter" */;
			developmentRegion = en;
			hasScannedForEncodings = 0;
			knownRegions = (
				en,
				Base,
			);
			mainGroup = 2F5E9A442D51A9A300123456;
			packageReferences = (
				2F5E9A9A2D51AA5800123456 /* XCRemoteSwiftPackageReference "swift-log" */,
				2F5E9A9D2D51AA6300123456 /* XCRemoteSwiftPackageReference "KeychainAccess" */,
				2F5E9AA02D51AA6F00123456 /* XCRemoteSwiftPackageReference "Sparkle" */,
				2F5E9AA32D51AA7500123456 /* XCRemoteSwiftPackageReference "GRDB.swift" */,
			);
			preferredProjectObjectVersion = 90;
			productRefGroup = 2F5E9A4E2D51A9A300123456 /* Products */;
			projectDirPath = "";
			projectRoot = "";
			targets = (
				2F5E9A4C2D51A9A300123456 /* VibeMeter */,
				2F5E9A6C2D51A9A400123456 /* VibeMeterTests */,
			);
		};
/* End PBXProject section */

/* Begin PBXResourcesBuildPhase section */
		2F5E9A4B2D51A9A300123456 /* Resources */ = {
			isa = PBXResourcesBuildPhase;
			files = (
			);
		};
		2F5E9A6B2D51A9A400123456 /* Resources */ = {
			isa = PBXResourcesBuildPhase;
			files = (
			);
		};
/* End PBXResourcesBuildPhase section */

/* Begin PBXSourcesBuildPhase section */
		2F5E9A492D51A9A300123456 /* Sources */ = {
			isa = PBXSourcesBuildPhase;
			files = (
			);
		};
		2F5E9A692D51A9A400123456 /* Sources */ = {
			isa = PBXSourcesBuildPhase;
			files = (
			);
		};
/* End PBXSourcesBuildPhase section */

/* Begin PBXTargetDependency section */
		2F5E9A6F2D51A9A400123456 /* PBXTargetDependency */ = {
			isa = PBXTargetDependency;
			target = 2F5E9A4C2D51A9A300123456 /* VibeMeter */;
			targetProxy = 2F5E9A6E2D51A9A400123456 /* PBXContainerItemProxy */;
		};
/* End PBXTargetDependency section */

/* Begin XCBuildConfiguration section */
		2F5E9A902D51A9A400123456 /* Debug configuration for PBXProject "VibeMeter" */ = {
			isa = XCBuildConfiguration;
			baseConfigurationReferenceAnchor = 2F5E9A4F2D51A9A300123456 /* VibeMeter */;
			baseConfigurationReferenceRelativePath = Shared.xcconfig;
			buildSettings = {
				ALWAYS_SEARCH_USER_PATHS = NO;
				ASSETCATALOG_COMPILER_GENERATE_SWIFT_ASSET_SYMBOL_EXTENSIONS = YES;
				ASSOCIATEDOMAIN_ERROR_ON_EVALUATION = YES;
				CLANG_ANALYZER_NONNULL = YES;
				CLANG_ANALYZER_NUMBER_OBJECT_CONVERSION = YES_AGGRESSIVE;
				CLANG_CXX_LANGUAGE_STANDARD = "gnu++20";
				CLANG_ENABLE_MODULES = YES;
				CLANG_ENABLE_OBJC_ARC = YES;
				CLANG_ENABLE_OBJC_WEAK = YES;
				CLANG_WARN_BLOCK_CAPTURE_AUTORELEASING = YES;
				CLANG_WARN_BOOL_CONVERSION = YES;
				CLANG_WARN_COMMA = YES;
				CLANG_WARN_CONSTANT_CONVERSION = YES;
				CLANG_WARN_DEPRECATED_OBJC_IMPLEMENTATIONS = YES;
				CLANG_WARN_DIRECT_OBJC_ISA_USAGE = YES_ERROR;
				CLANG_WARN_DOCUMENTATION_COMMENTS = YES;
				CLANG_WARN_EMPTY_BODY = YES;
				CLANG_WARN_ENUM_CONVERSION = YES;
				CLANG_WARN_INFINITE_RECURSION = YES;
				CLANG_WARN_INT_CONVERSION = YES;
				CLANG_WARN_NON_LITERAL_NULL_CONVERSION = YES;
				CLANG_WARN_OBJC_IMPLICIT_RETAIN_SELF = YES;
				CLANG_WARN_OBJC_LITERAL_CONVERSION = YES;
				CLANG_WARN_OBJC_ROOT_CLASS = YES_ERROR;
				CLANG_WARN_QUOTED_INCLUDE_IN_FRAMEWORK_HEADER = YES;
				CLANG_WARN_RANGE_LOOP_ANALYSIS = YES;
				CLANG_WARN_STRICT_PROTOTYPES = YES;
				CLANG_WARN_SUSPICIOUS_MOVE = YES;
				CLANG_WARN_UNGUARDED_AVAILABILITY = YES_AGGRESSIVE;
				CLANG_WARN_UNREACHABLE_CODE = YES;
				CLANG_WARN__DUPLICATE_METHOD_MATCH = YES;
				COPY_PHASE_STRIP = NO;
				DEAD_CODE_STRIPPING = YES;
				DEBUG_INFORMATION_FORMAT = dwarf;
				DEVELOPMENT_TEAM = Y5PE65HELJ;
				ENABLE_STRICT_OBJC_MSGSEND = YES;
				ENABLE_TESTABILITY = YES;
				ENABLE_USER_SCRIPT_SANDBOXING = YES;
				GCC_C_LANGUAGE_STANDARD = gnu17;
				GCC_DYNAMIC_NO_PIC = NO;
				GCC_NO_COMMON_BLOCKS = YES;
				GCC_OPTIMIZATION_LEVEL = 0;
				GCC_PREPROCESSOR_DEFINITIONS = (
					"DEBUG=1",
					"$(inherited)",
				);
				GCC_WARN_64_TO_32_BIT_CONVERSION = YES;
				GCC_WARN_ABOUT_RETURN_TYPE = YES_ERROR;
				GCC_WARN_UNDECLARED_SELECTOR = YES;
				GCC_WARN_UNINITIALIZED_AUTOS = YES_AGGRESSIVE;
				GCC_WARN_UNUSED_FUNCTION = YES;
				GCC_WARN_UNUSED_VARIABLE = YES;
				LOCALIZATION_PREFERS_STRING_CATALOGS = YES;
				MACOSX_DEPLOYMENT_TARGET = 15.0;
				MTL_ENABLE_DEBUG_INFO = INCLUDE_SOURCE;
				MTL_FAST_MATH = YES;
				ONLY_ACTIVE_ARCH = YES;
				SDKROOT = macosx;
				STRING_CATALOG_GENERATE_SYMBOLS = YES;
				SWIFT_ACTIVE_COMPILATION_CONDITIONS = "DEBUG $(inherited)";
				SWIFT_OPTIMIZATION_LEVEL = "-Onone";
			};
			name = Debug;
		};
		2F5E9A912D51A9A400123456 /* Release configuration for PBXProject "VibeMeter" */ = {
			isa = XCBuildConfiguration;
			baseConfigurationReferenceAnchor = 2F5E9A4F2D51A9A300123456 /* VibeMeter */;
			baseConfigurationReferenceRelativePath = Shared.xcconfig;
			buildSettings = {
				ALWAYS_SEARCH_USER_PATHS = NO;
				ASSETCATALOG_COMPILER_GENERATE_SWIFT_ASSET_SYMBOL_EXTENSIONS = YES;
				ASSOCIATEDOMAIN_ERROR_ON_EVALUATION = YES;
				CLANG_ANALYZER_NONNULL = YES;
				CLANG_ANALYZER_NUMBER_OBJECT_CONVERSION = YES_AGGRESSIVE;
				CLANG_CXX_LANGUAGE_STANDARD = "gnu++20";
				CLANG_ENABLE_MODULES = YES;
				CLANG_ENABLE_OBJC_ARC = YES;
				CLANG_ENABLE_OBJC_WEAK = YES;
				CLANG_WARN_BLOCK_CAPTURE_AUTORELEASING = YES;
				CLANG_WARN_BOOL_CONVERSION = YES;
				CLANG_WARN_COMMA = YES;
				CLANG_WARN_CONSTANT_CONVERSION = YES;
				CLANG_WARN_DEPRECATED_OBJC_IMPLEMENTATIONS = YES;
				CLANG_WARN_DIRECT_OBJC_ISA_USAGE = YES_ERROR;
				CLANG_WARN_DOCUMENTATION_COMMENTS = YES;
				CLANG_WARN_EMPTY_BODY = YES;
				CLANG_WARN_ENUM_CONVERSION = YES;
				CLANG_WARN_INFINITE_RECURSION = YES;
				CLANG_WARN_INT_CONVERSION = YES;
				CLANG_WARN_NON_LITERAL_NULL_CONVERSION = YES;
				CLANG_WARN_OBJC_IMPLICIT_RETAIN_SELF = YES;
				CLANG_WARN_OBJC_LITERAL_CONVERSION = YES;
				CLANG_WARN_OBJC_ROOT_CLASS = YES_ERROR;
				CLANG_WARN_QUOTED_INCLUDE_IN_FRAMEWORK_HEADER = YES;
				CLANG_WARN_RANGE_LOOP_ANALYSIS = YES;
				CLANG_WARN_STRICT_PROTOTYPES = YES;
				CLANG_WARN_SUSPICIOUS_MOVE = YES;
				CLANG_WARN_UNGUARDED_AVAILABILITY = YES_AGGRESSIVE;
				CLANG_WARN_UNREACHABLE_CODE = YES;
				CLANG_WARN__DUPLICATE_METHOD_MATCH = YES;
				COPY_PHASE_STRIP = NO;
				DEAD_CODE_STRIPPING = YES;
				DEBUG_INFORMATION_FORMAT = "dwarf-with-dsym";
				DEVELOPMENT_TEAM = Y5PE65HELJ;
				ENABLE_NS_ASSERTIONS = NO;
				ENABLE_STRICT_OBJC_MSGSEND = YES;
				ENABLE_USER_SCRIPT_SANDBOXING = YES;
				GCC_C_LANGUAGE_STANDARD = gnu17;
				GCC_NO_COMMON_BLOCKS = YES;
				GCC_WARN_64_TO_32_BIT_CONVERSION = YES;
				GCC_WARN_ABOUT_RETURN_TYPE = YES_ERROR;
				GCC_WARN_UNDECLARED_SELECTOR = YES;
				GCC_WARN_UNINITIALIZED_AUTOS = YES_AGGRESSIVE;
				GCC_WARN_UNUSED_FUNCTION = YES;
				GCC_WARN_UNUSED_VARIABLE = YES;
				LOCALIZATION_PREFERS_STRING_CATALOGS = YES;
				MACOSX_DEPLOYMENT_TARGET = 15.0;
				MTL_ENABLE_DEBUG_INFO = NO;
				MTL_FAST_MATH = YES;
				SDKROOT = macosx;
				STRING_CATALOG_GENERATE_SYMBOLS = YES;
				SWIFT_COMPILATION_MODE = wholemodule;
			};
			name = Release;
		};
		2F5E9A932D51A9A400123456 /* Debug configuration for PBXNativeTarget "VibeMeter" */ = {
			isa = XCBuildConfiguration;
			buildSettings = {
				ASSETCATALOG_COMPILER_APPICON_NAME = AppIcon;
				ASSETCATALOG_COMPILER_GLOBAL_ACCENT_COLOR_NAME = AccentColor;
				CODE_SIGN_STYLE = Automatic;
				COMBINE_HIDPI_IMAGES = YES;
				ENABLE_APP_SANDBOX = NO;
				ENABLE_FILE_ACCESS_DOWNLOADS_FOLDER = readwrite;
				ENABLE_HARDENED_RUNTIME = YES;
				ENABLE_INCOMING_NETWORK_CONNECTIONS = NO;
				ENABLE_OUTGOING_NETWORK_CONNECTIONS = YES;
				ENABLE_RESOURCE_ACCESS_AUDIO_INPUT = NO;
				ENABLE_RESOURCE_ACCESS_BLUETOOTH = NO;
				ENABLE_RESOURCE_ACCESS_CALENDARS = NO;
				ENABLE_RESOURCE_ACCESS_CAMERA = NO;
				ENABLE_RESOURCE_ACCESS_CONTACTS = NO;
				ENABLE_RESOURCE_ACCESS_LOCATION = NO;
				ENABLE_RESOURCE_ACCESS_PRINTING = NO;
				ENABLE_RESOURCE_ACCESS_USB = NO;
				ENABLE_USER_SELECTED_FILES = readonly;
				GENERATE_INFOPLIST_FILE = YES;
				INFOPLIST_FILE = VibeMeter/Info.plist;
				INFOPLIST_KEY_LSApplicationCategoryType = "public.app-category.utilities";
				INFOPLIST_KEY_NSHumanReadableCopyright = "";
				INFOPLIST_KEY_NSMainStoryboardFile = "";
				INFOPLIST_KEY_NSPrincipalClass = NSApplication;
				LD_RUNPATH_SEARCH_PATHS = (
					"$(inherited)",
					"@executable_path/../Frameworks",
				);
				PRODUCT_BUNDLE_IDENTIFIER = com.steipete.VibeMeter;
				PRODUCT_NAME = "$(TARGET_NAME)";
				RUNTIME_EXCEPTION_ALLOW_UNSIGNED_EXECUTABLE_MEMORY = YES;
				RUNTIME_EXCEPTION_DISABLE_LIBRARY_VALIDATION = YES;
				SWIFT_EMIT_LOC_STRINGS = YES;
				SWIFT_STRICT_CONCURRENCY = complete;
				SWIFT_VERSION = 6.0;
			};
			name = Debug;
		};
		2F5E9A942D51A9A400123456 /* Release configuration for PBXNativeTarget "VibeMeter" */ = {
			isa = XCBuildConfiguration;
			buildSettings = {
				ASSETCATALOG_COMPILER_APPICON_NAME = AppIcon;
				ASSETCATALOG_COMPILER_GLOBAL_ACCENT_COLOR_NAME = AccentColor;
				CODE_SIGN_STYLE = Automatic;
				COMBINE_HIDPI_IMAGES = YES;
				ENABLE_APP_SANDBOX = NO;
				ENABLE_FILE_ACCESS_DOWNLOADS_FOLDER = readwrite;
				ENABLE_HARDENED_RUNTIME = YES;
				ENABLE_INCOMING_NETWORK_CONNECTIONS = NO;
				ENABLE_OUTGOING_NETWORK_CONNECTIONS = YES;
				ENABLE_RESOURCE_ACCESS_AUDIO_INPUT = NO;
				ENABLE_RESOURCE_ACCESS_BLUETOOTH = NO;
				ENABLE_RESOURCE_ACCESS_CALENDARS = NO;
				ENABLE_RESOURCE_ACCESS_CAMERA = NO;
				ENABLE_RESOURCE_ACCESS_CONTACTS = NO;
				ENABLE_RESOURCE_ACCESS_LOCATION = NO;
				ENABLE_RESOURCE_ACCESS_PRINTING = NO;
				ENABLE_RESOURCE_ACCESS_USB = NO;
				ENABLE_USER_SELECTED_FILES = readonly;
				GENERATE_INFOPLIST_FILE = YES;
				INFOPLIST_FILE = VibeMeter/Info.plist;
				INFOPLIST_KEY_LSApplicationCategoryType = "public.app-category.utilities";
				INFOPLIST_KEY_NSHumanReadableCopyright = "";
				INFOPLIST_KEY_NSMainStoryboardFile = "";
				INFOPLIST_KEY_NSPrincipalClass = NSApplication;
				LD_RUNPATH_SEARCH_PATHS = (
					"$(inherited)",
					"@executable_path/../Frameworks",
				);
				PRODUCT_BUNDLE_IDENTIFIER = com.steipete.VibeMeter;
				PRODUCT_NAME = "$(TARGET_NAME)";
				RUNTIME_EXCEPTION_ALLOW_UNSIGNED_EXECUTABLE_MEMORY = YES;
				RUNTIME_EXCEPTION_DISABLE_LIBRARY_VALIDATION = YES;
				SWIFT_EMIT_LOC_STRINGS = YES;
				SWIFT_STRICT_CONCURRENCY = complete;
				SWIFT_VERSION = 6.0;
			};
			name = Release;
		};
		2F5E9A962D51A9A400123456 /* Debug configuration for PBXNativeTarget "VibeMeterTests" */ = {
			isa = XCBuildConfiguration;
			buildSettings = {
				BUNDLE_LOADER = "$(TEST_HOST)";
				CODE_SIGN_STYLE = Automatic;
				GENERATE_INFOPLIST_FILE = YES;
				MACOSX_DEPLOYMENT_TARGET = 15.0;
				PRODUCT_BUNDLE_IDENTIFIER = com.steipete.VibeMeterTests;
				PRODUCT_NAME = "$(TARGET_NAME)";
				SWIFT_EMIT_LOC_STRINGS = NO;
				SWIFT_VERSION = 6.0;
				TEST_HOST = "$(BUILT_PRODUCTS_DIR)/VibeMeter.app/$(BUNDLE_EXECUTABLE_FOLDER_PATH)/VibeMeter";
			};
			name = Debug;
		};
		2F5E9A972D51A9A400123456 /* Release configuration for PBXNativeTarget "VibeMeterTests" */ = {
			isa = XCBuildConfiguration;
			buildSettings = {
				BUNDLE_LOADER = "$(TEST_HOST)";
				CODE_SIGN_STYLE = Automatic;
				GENERATE_INFOPLIST_FILE = YES;
				MACOSX_DEPLOYMENT_TARGET = 15.0;
				PRODUCT_BUNDLE_IDENTIFIER = com.steipete.VibeMeterTests;
				PRODUCT_NAME = "$(TARGET_NAME)";
				SWIFT_EMIT_LOC_STRINGS = NO;
				SWIFT_VERSION = 6.0;
				TEST_HOST = "$(BUILT_PRODUCTS_DIR)/VibeMeter.app/$(BUNDLE_EXECUTABLE_FOLDER_PATH)/VibeMeter";
			};
			name = Release;
		};
/* End XCBuildConfiguration section */

/* Begin XCConfigurationList section */
		2F5E9A482D51A9A300123456 /* Build configuration list for PBXProject "VibeMeter" */ = {
			isa = XCConfigurationList;
			buildConfigurations = (
				2F5E9A902D51A9A400123456 /* Debug configuration for PBXProject "VibeMeter" */,
				2F5E9A912D51A9A400123456 /* Release configuration for PBXProject "VibeMeter" */,
			);
			defaultConfigurationName = Release;
		};
		2F5E9A922D51A9A400123456 /* Build configuration list for PBXNativeTarget "VibeMeter" */ = {
			isa = XCConfigurationList;
			buildConfigurations = (
				2F5E9A932D51A9A400123456 /* Debug configuration for PBXNativeTarget "VibeMeter" */,
				2F5E9A942D51A9A400123456 /* Release configuration for PBXNativeTarget "VibeMeter" */,
			);
			defaultConfigurationName = Release;
		};
		2F5E9A952D51A9A400123456 /* Build configuration list for PBXNativeTarget "VibeMeterTests" */ = {
			isa = XCConfigurationList;
			buildConfigurations = (
				2F5E9A962D51A9A400123456 /* Debug configuration for PBXNativeTarget "VibeMeterTests" */,
				2F5E9A972D51A9A400123456 /* Release configuration for PBXNativeTarget "VibeMeterTests" */,
			);
			defaultConfigurationName = Release;
		};
/* End XCConfigurationList section */

/* Begin XCRemoteSwiftPackageReference section */
		2F5E9A9A2D51AA5800123456 /* XCRemoteSwiftPackageReference "swift-log" */ = {
			isa = XCRemoteSwiftPackageReference;
			repositoryURL = "https://github.com/apple/swift-log.git";
			requirement = {
				kind = upToNextMajorVersion;
				minimumVersion = 1.6.1;
			};
		};
		2F5E9A9D2D51AA6300123456 /* XCRemoteSwiftPackageReference "KeychainAccess" */ = {
			isa = XCRemoteSwiftPackageReference;
			repositoryURL = "https://github.com/kishikawakatsumi/KeychainAccess.git";
			requirement = {
				kind = upToNextMajorVersion;
				minimumVersion = 4.0.0;
			};
		};
		2F5E9AA02D51AA6F00123456 /* XCRemoteSwiftPackageReference "Sparkle" */ = {
			isa = XCRemoteSwiftPackageReference;
			repositoryURL = "https://github.com/sparkle-project/Sparkle";
			requirement = {
				kind = upToNextMajorVersion;
				minimumVersion = 2.0.0;
			};
		};
		2F5E9AA32D51AA7500123456 /* XCRemoteSwiftPackageReference "GRDB.swift" */ = {
			isa = XCRemoteSwiftPackageReference;
			repositoryURL = "https://github.com/groue/GRDB.swift";
			requirement = {
				kind = upToNextMajorVersion;
				minimumVersion = 7.0.0;
			};
		};
/* End XCRemoteSwiftPackageReference section */

/* Begin XCSwiftPackageProductDependency section */
		2F5E9A9B2D51AA5800123456 /* Logging */ = {
			isa = XCSwiftPackageProductDependency;
			package = 2F5E9A9A2D51AA5800123456 /* XCRemoteSwiftPackageReference "swift-log" */;
			productName = Logging;
		};
		2F5E9A9E2D51AA6300123456 /* KeychainAccess */ = {
			isa = XCSwiftPackageProductDependency;
			package = 2F5E9A9D2D51AA6300123456 /* XCRemoteSwiftPackageReference "KeychainAccess" */;
			productName = KeychainAccess;
		};
		2F5E9AA12D51AA6F00123456 /* Sparkle */ = {
			isa = XCSwiftPackageProductDependency;
			package = 2F5E9AA02D51AA6F00123456 /* XCRemoteSwiftPackageReference "Sparkle" */;
			productName = Sparkle;
		};
		2F5E9AA42D51AA7500123456 /* GRDB */ = {
			isa = XCSwiftPackageProductDependency;
			package = 2F5E9AA32D51AA7500123456 /* XCRemoteSwiftPackageReference "GRDB.swift" */;
			productName = GRDB;
		};
/* End XCSwiftPackageProductDependency section */
	};
	rootObject = 2F5E9A452D51A9A300123456 /* Project object */;
}
